Microsoft Visual Studio Solution File, Format Version 12.00
# Visual Studio Version 17
VisualStudioVersion = 17.0.31919.166
MinimumVisualStudioVersion = 10.0.40219.1
Project("{9A19103F-16F7-4668-BE54-9A1E7A4F7556}") = "Xcaciv.Command", "Xcaciv.Command\Xcaciv.Command.csproj", "{E6280E51-8ED7-4ED0-819A-063251C9E53D}"
EndProject
Project("{9A19103F-16F7-4668-BE54-9A1E7A4F7556}") = "Xcaciv.Command.Interface", "Xcaciv.Command.Interface\Xcaciv.Command.Interface.csproj", "{1D54A8C6-1E92-4B5B-9EBB-147839480D73}"
EndProject
Project("{9A19103F-16F7-4668-BE54-9A1E7A4F7556}") = "Xcaciv.Command.FileLoader", "Xcaciv.Command.FileLoader\Xcaciv.Command.FileLoader.csproj", "{BC290BFF-4ACA-4D84-96DC-5432F9722C87}"
EndProject
Project("{9A19103F-16F7-4668-BE54-9A1E7A4F7556}") = "Xcaciv.Command.FileLoaderTests", "Xcaciv.Command.FileLoaderTests\Xcaciv.Command.FileLoaderTests.csproj", "{9B087B2C-5852-4B56-B213-727CB6048784}"
EndProject
Project("{9A19103F-16F7-4668-BE54-9A1E7A4F7556}") = "Xcaciv.CommandTests", "Xcaciv.CommandTests\Xcaciv.CommandTests.csproj", "{B517F2E2-DFEF-4C9E-9C5E-DBCF7873AAA9}"
EndProject
Project("{2150E333-8FDC-42A3-9474-1A3956D46DE8}") = "Tests", "Tests", "{6FEF8306-B2C7-489D-9ECC-23BCC8B53C41}"
EndProject
Project("{2150E333-8FDC-42A3-9474-1A3956D46DE8}") = "Solution Items", "Solution Items", "{B6212A8E-CCFE-492A-95E3-2AAD25970292}"
	ProjectSection(SolutionItems) = preProject
		Directory.Packages.props = Directory.Packages.props
		NuGet.config = NuGet.config
	EndProjectSection
EndProject
Global
	GlobalSection(SolutionConfigurationPlatforms) = preSolution
		Debug|Any CPU = Debug|Any CPU
		Release|Any CPU = Release|Any CPU
	EndGlobalSection
	GlobalSection(ProjectConfigurationPlatforms) = postSolution
		{E6280E51-8ED7-4ED0-819A-063251C9E53D}.Debug|Any CPU.ActiveCfg = Debug|Any CPU
		{E6280E51-8ED7-4ED0-819A-063251C9E53D}.Debug|Any CPU.Build.0 = Debug|Any CPU
		{E6280E51-8ED7-4ED0-819A-063251C9E53D}.Release|Any CPU.ActiveCfg = Release|Any CPU
		{E6280E51-8ED7-4ED0-819A-063251C9E53D}.Release|Any CPU.Build.0 = Release|Any CPU
		{1D54A8C6-1E92-4B5B-9EBB-147839480D73}.Debug|Any CPU.ActiveCfg = Debug|Any CPU
		{1D54A8C6-1E92-4B5B-9EBB-147839480D73}.Debug|Any CPU.Build.0 = Debug|Any CPU
		{1D54A8C6-1E92-4B5B-9EBB-147839480D73}.Release|Any CPU.ActiveCfg = Release|Any CPU
		{1D54A8C6-1E92-4B5B-9EBB-147839480D73}.Release|Any CPU.Build.0 = Release|Any CPU
		{BC290BFF-4ACA-4D84-96DC-5432F9722C87}.Debug|Any CPU.ActiveCfg = Debug|Any CPU
		{BC290BFF-4ACA-4D84-96DC-5432F9722C87}.Debug|Any CPU.Build.0 = Debug|Any CPU
		{BC290BFF-4ACA-4D84-96DC-5432F9722C87}.Release|Any CPU.ActiveCfg = Release|Any CPU
		{BC290BFF-4ACA-4D84-96DC-5432F9722C87}.Release|Any CPU.Build.0 = Release|Any CPU
		{9B087B2C-5852-4B56-B213-727CB6048784}.Debug|Any CPU.ActiveCfg = Debug|Any CPU
		{9B087B2C-5852-4B56-B213-727CB6048784}.Debug|Any CPU.Build.0 = Debug|Any CPU
		{9B087B2C-5852-4B56-B213-727CB6048784}.Release|Any CPU.ActiveCfg = Release|Any CPU
		{9B087B2C-5852-4B56-B213-727CB6048784}.Release|Any CPU.Build.0 = Release|Any CPU
		{B517F2E2-DFEF-4C9E-9C5E-DBCF7873AAA9}.Debug|Any CPU.ActiveCfg = Debug|Any CPU
		{B517F2E2-DFEF-4C9E-9C5E-DBCF7873AAA9}.Debug|Any CPU.Build.0 = Debug|Any CPU
		{B517F2E2-DFEF-4C9E-9C5E-DBCF7873AAA9}.Release|Any CPU.ActiveCfg = Release|Any CPU
		{B517F2E2-DFEF-4C9E-9C5E-DBCF7873AAA9}.Release|Any CPU.Build.0 = Release|Any CPU
	EndGlobalSection
	GlobalSection(SolutionProperties) = preSolution
		HideSolutionNode = FALSE
	EndGlobalSection
	GlobalSection(NestedProjects) = preSolution
		{9B087B2C-5852-4B56-B213-727CB6048784} = {6FEF8306-B2C7-489D-9ECC-23BCC8B53C41}
		{B517F2E2-DFEF-4C9E-9C5E-DBCF7873AAA9} = {6FEF8306-B2C7-489D-9ECC-23BCC8B53C41}
	EndGlobalSection
	GlobalSection(ExtensibilityGlobals) = postSolution
		SolutionGuid = {2C5022E1-F2BA-4FD4-8841-D4B32BD6A7E8}
	EndGlobalSection
EndGlobal
